
Microsoft Visual Studio Solution File, Format Version 12.00
# Visual Studio Version 16
VisualStudioVersion = 16.0.29911.84
MinimumVisualStudioVersion = 10.0.40219.1
Project("{FAE04EC0-301F-11D3-BF4B-00C04F79EFBC}") = "Laboratorium9", "Laboratorium9\Laboratorium9.csproj", "{F260A99D-BB38-4D3C-96D6-8636A0A4AA50}"
EndProject
Global
	GlobalSection(SolutionConfigurationPlatforms) = preSolution
		Debug|Any CPU = Debug|Any CPU
		Release|Any CPU = Release|Any CPU
	EndGlobalSection
	GlobalSection(ProjectConfigurationPlatforms) = postSolution
		{F260A99D-BB38-4D3C-96D6-8636A0A4AA50}.Debug|Any CPU.ActiveCfg = Debug|Any CPU
		{F260A99D-BB38-4D3C-96D6-8636A0A4AA50}.Debug|Any CPU.Build.0 = Debug|Any CPU
		{F260A99D-BB38-4D3C-96D6-8636A0A4AA50}.Release|Any CPU.ActiveCfg = Release|Any CPU
		{F260A99D-BB38-4D3C-96D6-8636A0A4AA50}.Release|Any CPU.Build.0 = Release|Any CPU
	EndGlobalSection
	GlobalSection(SolutionProperties) = preSolution
		HideSolutionNode = FALSE
	EndGlobalSection
	GlobalSection(ExtensibilityGlobals) = postSolution
		SolutionGuid = {4583CBAC-B18D-40DD-85A7-FF890EC654CD}
	EndGlobalSection
EndGlobal
