
Microsoft Visual Studio Solution File, Format Version 12.00
# Visual Studio Version 16
VisualStudioVersion = 16.0.29911.84
MinimumVisualStudioVersion = 10.0.40219.1
Project("{FAE04EC0-301F-11D3-BF4B-00C04F79EFBC}") = "KalkulatorLab7", "KalkulatorLab7\KalkulatorLab7.csproj", "{0009523A-F324-4563-A6AF-27CECB592A97}"
EndProject
Global
	GlobalSection(SolutionConfigurationPlatforms) = preSolution
		Debug|Any CPU = Debug|Any CPU
		Release|Any CPU = Release|Any CPU
	EndGlobalSection
	GlobalSection(ProjectConfigurationPlatforms) = postSolution
		{0009523A-F324-4563-A6AF-27CECB592A97}.Debug|Any CPU.ActiveCfg = Debug|Any CPU
		{0009523A-F324-4563-A6AF-27CECB592A97}.Debug|Any CPU.Build.0 = Debug|Any CPU
		{0009523A-F324-4563-A6AF-27CECB592A97}.Release|Any CPU.ActiveCfg = Release|Any CPU
		{0009523A-F324-4563-A6AF-27CECB592A97}.Release|Any CPU.Build.0 = Release|Any CPU
	EndGlobalSection
	GlobalSection(SolutionProperties) = preSolution
		HideSolutionNode = FALSE
	EndGlobalSection
	GlobalSection(ExtensibilityGlobals) = postSolution
		SolutionGuid = {936F1D3E-4BC5-40DB-8710-80480A1E46FC}
	EndGlobalSection
EndGlobal
